// !$*UTF8*$!
{
	archiveVersion = 1;
	classes = {
	};
	objectVersion = 55;
	objects = {

/* Begin PBXBuildFile section */
		1227528B27C9B01E002A05A1 /* BinarySearch_easy.swift in Sources */ = {isa = PBXBuildFile; fileRef = 1227528A27C9B01E002A05A1 /* BinarySearch_easy.swift */; };
		1227528D27C9B2C8002A05A1 /* SearchInsertedPostion_easy.swift in Sources */ = {isa = PBXBuildFile; fileRef = 1227528C27C9B2C8002A05A1 /* SearchInsertedPostion_easy.swift */; };
		1227528F27C9B449002A05A1 /* PalindromeNumber_easy.swift in Sources */ = {isa = PBXBuildFile; fileRef = 1227528E27C9B449002A05A1 /* PalindromeNumber_easy.swift */; };
		124CBD4827C9B6CF00C4DEFD /* SquaresOfASortedArray_easy.swift in Sources */ = {isa = PBXBuildFile; fileRef = 124CBD4727C9B6CF00C4DEFD /* SquaresOfASortedArray_easy.swift */; };
		124CBD4A27C9B86D00C4DEFD /* RotateArray_medium.swift in Sources */ = {isa = PBXBuildFile; fileRef = 124CBD4927C9B86D00C4DEFD /* RotateArray_medium.swift */; };
		124CBD4C27C9BA1400C4DEFD /* MoveZeroes_easy.swift in Sources */ = {isa = PBXBuildFile; fileRef = 124CBD4B27C9BA1400C4DEFD /* MoveZeroes_easy.swift */; };
		128354A827C8A3A100F70118 /* AppDelegate.swift in Sources */ = {isa = PBXBuildFile; fileRef = 128354A727C8A3A100F70118 /* AppDelegate.swift */; };
		128354AA27C8A3A100F70118 /* SceneDelegate.swift in Sources */ = {isa = PBXBuildFile; fileRef = 128354A927C8A3A100F70118 /* SceneDelegate.swift */; };
		128354AC27C8A3A100F70118 /* ViewController.swift in Sources */ = {isa = PBXBuildFile; fileRef = 128354AB27C8A3A100F70118 /* ViewController.swift */; };
		128354AF27C8A3A100F70118 /* Main.storyboard in Resources */ = {isa = PBXBuildFile; fileRef = 128354AD27C8A3A100F70118 /* Main.storyboard */; };
		128354B127C8A3A200F70118 /* Assets.xcassets in Resources */ = {isa = PBXBuildFile; fileRef = 128354B027C8A3A200F70118 /* Assets.xcassets */; };
		128354B427C8A3A200F70118 /* LaunchScreen.storyboard in Resources */ = {isa = PBXBuildFile; fileRef = 128354B227C8A3A200F70118 /* LaunchScreen.storyboard */; };
		128354BE27C8A45F00F70118 /* MaximumProductSubarray_medium.swift in Sources */ = {isa = PBXBuildFile; fileRef = 128354BD27C8A45F00F70118 /* MaximumProductSubarray_medium.swift */; };
		128354C027C8A7A000F70118 /* TwoSum_easy.swift in Sources */ = {isa = PBXBuildFile; fileRef = 128354BF27C8A7A000F70118 /* TwoSum_easy.swift */; };
/* End PBXBuildFile section */

/* Begin PBXFileReference section */
		1227528A27C9B01E002A05A1 /* BinarySearch_easy.swift */ = {isa = PBXFileReference; lastKnownFileType = sourcecode.swift; path = BinarySearch_easy.swift; sourceTree = "<group>"; };
		1227528C27C9B2C8002A05A1 /* SearchInsertedPostion_easy.swift */ = {isa = PBXFileReference; lastKnownFileType = sourcecode.swift; path = SearchInsertedPostion_easy.swift; sourceTree = "<group>"; };
		1227528E27C9B449002A05A1 /* PalindromeNumber_easy.swift */ = {isa = PBXFileReference; lastKnownFileType = sourcecode.swift; path = PalindromeNumber_easy.swift; sourceTree = "<group>"; };
		124CBD4727C9B6CF00C4DEFD /* SquaresOfASortedArray_easy.swift */ = {isa = PBXFileReference; lastKnownFileType = sourcecode.swift; path = SquaresOfASortedArray_easy.swift; sourceTree = "<group>"; };
		124CBD4927C9B86D00C4DEFD /* RotateArray_medium.swift */ = {isa = PBXFileReference; lastKnownFileType = sourcecode.swift; path = RotateArray_medium.swift; sourceTree = "<group>"; };
		124CBD4B27C9BA1400C4DEFD /* MoveZeroes_easy.swift */ = {isa = PBXFileReference; lastKnownFileType = sourcecode.swift; path = MoveZeroes_easy.swift; sourceTree = "<group>"; };
		128354A427C8A3A100F70118 /* LeetCodeSwift.app */ = {isa = PBXFileReference; explicitFileType = wrapper.application; includeInIndex = 0; path = LeetCodeSwift.app; sourceTree = BUILT_PRODUCTS_DIR; };
		128354A727C8A3A100F70118 /* AppDelegate.swift */ = {isa = PBXFileReference; lastKnownFileType = sourcecode.swift; path = AppDelegate.swift; sourceTree = "<group>"; };
		128354A927C8A3A100F70118 /* SceneDelegate.swift */ = {isa = PBXFileReference; lastKnownFileType = sourcecode.swift; path = SceneDelegate.swift; sourceTree = "<group>"; };
		128354AB27C8A3A100F70118 /* ViewController.swift */ = {isa = PBXFileReference; lastKnownFileType = sourcecode.swift; path = ViewController.swift; sourceTree = "<group>"; };
		128354AE27C8A3A100F70118 /* Base */ = {isa = PBXFileReference; lastKnownFileType = file.storyboard; name = Base; path = Base.lproj/Main.storyboard; sourceTree = "<group>"; };
		128354B027C8A3A200F70118 /* Assets.xcassets */ = {isa = PBXFileReference; lastKnownFileType = folder.assetcatalog; path = Assets.xcassets; sourceTree = "<group>"; };
		128354B327C8A3A200F70118 /* Base */ = {isa = PBXFileReference; lastKnownFileType = file.storyboard; name = Base; path = Base.lproj/LaunchScreen.storyboard; sourceTree = "<group>"; };
		128354B527C8A3A200F70118 /* Info.plist */ = {isa = PBXFileReference; lastKnownFileType = text.plist.xml; path = Info.plist; sourceTree = "<group>"; };
		128354BD27C8A45F00F70118 /* MaximumProductSubarray_medium.swift */ = {isa = PBXFileReference; lastKnownFileType = sourcecode.swift; path = MaximumProductSubarray_medium.swift; sourceTree = "<group>"; };
		128354BF27C8A7A000F70118 /* TwoSum_easy.swift */ = {isa = PBXFileReference; lastKnownFileType = sourcecode.swift; path = TwoSum_easy.swift; sourceTree = "<group>"; };
/* End PBXFileReference section */

/* Begin PBXFrameworksBuildPhase section */
		128354A127C8A3A100F70118 /* Frameworks */ = {
			isa = PBXFrameworksBuildPhase;
			buildActionMask = 2147483647;
			files = (
			);
			runOnlyForDeploymentPostprocessing = 0;
		};
/* End PBXFrameworksBuildPhase section */

/* Begin PBXGroup section */
		1283549B27C8A3A100F70118 = {
			isa = PBXGroup;
			children = (
				128354A627C8A3A100F70118 /* LeetCodeSwift */,
				128354A527C8A3A100F70118 /* Products */,
			);
			sourceTree = "<group>";
		};
		128354A527C8A3A100F70118 /* Products */ = {
			isa = PBXGroup;
			children = (
				128354A427C8A3A100F70118 /* LeetCodeSwift.app */,
			);
			name = Products;
			sourceTree = "<group>";
		};
		128354A627C8A3A100F70118 /* LeetCodeSwift */ = {
			isa = PBXGroup;
			children = (
				128354BC27C8A44800F70118 /* Problems */,
				128354BB27C8A42700F70118 /* Support */,
				128354AB27C8A3A100F70118 /* ViewController.swift */,
				128354B527C8A3A200F70118 /* Info.plist */,
			);
			path = LeetCodeSwift;
			sourceTree = "<group>";
		};
		128354BB27C8A42700F70118 /* Support */ = {
			isa = PBXGroup;
			children = (
				128354A727C8A3A100F70118 /* AppDelegate.swift */,
				128354A927C8A3A100F70118 /* SceneDelegate.swift */,
				128354AD27C8A3A100F70118 /* Main.storyboard */,
				128354B027C8A3A200F70118 /* Assets.xcassets */,
				128354B227C8A3A200F70118 /* LaunchScreen.storyboard */,
			);
			path = Support;
			sourceTree = "<group>";
		};
		128354BC27C8A44800F70118 /* Problems */ = {
			isa = PBXGroup;
			children = (
				128354BD27C8A45F00F70118 /* MaximumProductSubarray_medium.swift */,
				128354BF27C8A7A000F70118 /* TwoSum_easy.swift */,
				1227528A27C9B01E002A05A1 /* BinarySearch_easy.swift */,
				1227528C27C9B2C8002A05A1 /* SearchInsertedPostion_easy.swift */,
				1227528E27C9B449002A05A1 /* PalindromeNumber_easy.swift */,
				124CBD4727C9B6CF00C4DEFD /* SquaresOfASortedArray_easy.swift */,
				124CBD4927C9B86D00C4DEFD /* RotateArray_medium.swift */,
				124CBD4B27C9BA1400C4DEFD /* MoveZeroes_easy.swift */,
			);
			path = Problems;
			sourceTree = "<group>";
		};
/* End PBXGroup section */

/* Begin PBXNativeTarget section */
		128354A327C8A3A100F70118 /* LeetCodeSwift */ = {
			isa = PBXNativeTarget;
			buildConfigurationList = 128354B827C8A3A200F70118 /* Build configuration list for PBXNativeTarget "LeetCodeSwift" */;
			buildPhases = (
				128354A027C8A3A100F70118 /* Sources */,
				128354A127C8A3A100F70118 /* Frameworks */,
				128354A227C8A3A100F70118 /* Resources */,
			);
			buildRules = (
			);
			dependencies = (
			);
			name = LeetCodeSwift;
			productName = LeetCodeSwift;
			productReference = 128354A427C8A3A100F70118 /* LeetCodeSwift.app */;
			productType = "com.apple.product-type.application";
		};
/* End PBXNativeTarget section */

/* Begin PBXProject section */
		1283549C27C8A3A100F70118 /* Project object */ = {
			isa = PBXProject;
			attributes = {
				BuildIndependentTargetsInParallel = 1;
				LastSwiftUpdateCheck = 1320;
				LastUpgradeCheck = 1320;
				TargetAttributes = {
					128354A327C8A3A100F70118 = {
						CreatedOnToolsVersion = 13.2.1;
					};
				};
			};
			buildConfigurationList = 1283549F27C8A3A100F70118 /* Build configuration list for PBXProject "LeetCodeSwift" */;
			compatibilityVersion = "Xcode 13.0";
			developmentRegion = en;
			hasScannedForEncodings = 0;
			knownRegions = (
				en,
				Base,
			);
			mainGroup = 1283549B27C8A3A100F70118;
			productRefGroup = 128354A527C8A3A100F70118 /* Products */;
			projectDirPath = "";
			projectRoot = "";
			targets = (
				128354A327C8A3A100F70118 /* LeetCodeSwift */,
			);
		};
/* End PBXProject section */

/* Begin PBXResourcesBuildPhase section */
		128354A227C8A3A100F70118 /* Resources */ = {
			isa = PBXResourcesBuildPhase;
			buildActionMask = 2147483647;
			files = (
				128354B427C8A3A200F70118 /* LaunchScreen.storyboard in Resources */,
				128354B127C8A3A200F70118 /* Assets.xcassets in Resources */,
				128354AF27C8A3A100F70118 /* Main.storyboard in Resources */,
			);
			runOnlyForDeploymentPostprocessing = 0;
		};
/* End PBXResourcesBuildPhase section */

/* Begin PBXSourcesBuildPhase section */
		128354A027C8A3A100F70118 /* Sources */ = {
			isa = PBXSourcesBuildPhase;
			buildActionMask = 2147483647;
			files = (
				128354AC27C8A3A100F70118 /* ViewController.swift in Sources */,
				128354C027C8A7A000F70118 /* TwoSum_easy.swift in Sources */,
				128354A827C8A3A100F70118 /* AppDelegate.swift in Sources */,
				1227528F27C9B449002A05A1 /* PalindromeNumber_easy.swift in Sources */,
				1227528D27C9B2C8002A05A1 /* SearchInsertedPostion_easy.swift in Sources */,
				128354AA27C8A3A100F70118 /* SceneDelegate.swift in Sources */,
				1227528B27C9B01E002A05A1 /* BinarySearch_easy.swift in Sources */,
				124CBD4A27C9B86D00C4DEFD /* RotateArray_medium.swift in Sources */,
				124CBD4827C9B6CF00C4DEFD /* SquaresOfASortedArray_easy.swift in Sources */,
				128354BE27C8A45F00F70118 /* MaximumProductSubarray_medium.swift in Sources */,
				124CBD4C27C9BA1400C4DEFD /* MoveZeroes_easy.swift in Sources */,
			);
			runOnlyForDeploymentPostprocessing = 0;
		};
/* End PBXSourcesBuildPhase section */

/* Begin PBXVariantGroup section */
		128354AD27C8A3A100F70118 /* Main.storyboard */ = {
			isa = PBXVariantGroup;
			children = (
				128354AE27C8A3A100F70118 /* Base */,
			);
			name = Main.storyboard;
			sourceTree = "<group>";
		};
		128354B227C8A3A200F70118 /* LaunchScreen.storyboard */ = {
			isa = PBXVariantGroup;
			children = (
				128354B327C8A3A200F70118 /* Base */,
			);
			name = LaunchScreen.storyboard;
			sourceTree = "<group>";
		};
/* End PBXVariantGroup section */

/* Begin XCBuildConfiguration section */
		128354B627C8A3A200F70118 /* Debug */ = {
			isa = XCBuildConfiguration;
			buildSettings = {
				ALWAYS_SEARCH_USER_PATHS = NO;
				CLANG_ANALYZER_NONNULL = YES;
				CLANG_ANALYZER_NUMBER_OBJECT_CONVERSION = YES_AGGRESSIVE;
				CLANG_CXX_LANGUAGE_STANDARD = "gnu++17";
				CLANG_CXX_LIBRARY = "libc++";
				CLANG_ENABLE_MODULES = YES;
				CLANG_ENABLE_OBJC_ARC = YES;
				CLANG_ENABLE_OBJC_WEAK = YES;
				CLANG_WARN_BLOCK_CAPTURE_AUTORELEASING = YES;
				CLANG_WARN_BOOL_CONVERSION = YES;
				CLANG_WARN_COMMA = YES;
				CLANG_WARN_CONSTANT_CONVERSION = YES;
				CLANG_WARN_DEPRECATED_OBJC_IMPLEMENTATIONS = YES;
				CLANG_WARN_DIRECT_OBJC_ISA_USAGE = YES_ERROR;
				CLANG_WARN_DOCUMENTATION_COMMENTS = YES;
				CLANG_WARN_EMPTY_BODY = YES;
				CLANG_WARN_ENUM_CONVERSION = YES;
				CLANG_WARN_INFINITE_RECURSION = YES;
				CLANG_WARN_INT_CONVERSION = YES;
				CLANG_WARN_NON_LITERAL_NULL_CONVERSION = YES;
				CLANG_WARN_OBJC_IMPLICIT_RETAIN_SELF = YES;
				CLANG_WARN_OBJC_LITERAL_CONVERSION = YES;
				CLANG_WARN_OBJC_ROOT_CLASS = YES_ERROR;
				CLANG_WARN_QUOTED_INCLUDE_IN_FRAMEWORK_HEADER = YES;
				CLANG_WARN_RANGE_LOOP_ANALYSIS = YES;
				CLANG_WARN_STRICT_PROTOTYPES = YES;
				CLANG_WARN_SUSPICIOUS_MOVE = YES;
				CLANG_WARN_UNGUARDED_AVAILABILITY = YES_AGGRESSIVE;
				CLANG_WARN_UNREACHABLE_CODE = YES;
				CLANG_WARN__DUPLICATE_METHOD_MATCH = YES;
				COPY_PHASE_STRIP = NO;
				DEBUG_INFORMATION_FORMAT = dwarf;
				ENABLE_STRICT_OBJC_MSGSEND = YES;
				ENABLE_TESTABILITY = YES;
				GCC_C_LANGUAGE_STANDARD = gnu11;
				GCC_DYNAMIC_NO_PIC = NO;
				GCC_NO_COMMON_BLOCKS = YES;
				GCC_OPTIMIZATION_LEVEL = 0;
				GCC_PREPROCESSOR_DEFINITIONS = (
					"DEBUG=1",
					"$(inherited)",
				);
				GCC_WARN_64_TO_32_BIT_CONVERSION = YES;
				GCC_WARN_ABOUT_RETURN_TYPE = YES_ERROR;
				GCC_WARN_UNDECLARED_SELECTOR = YES;
				GCC_WARN_UNINITIALIZED_AUTOS = YES_AGGRESSIVE;
				GCC_WARN_UNUSED_FUNCTION = YES;
				GCC_WARN_UNUSED_VARIABLE = YES;
				IPHONEOS_DEPLOYMENT_TARGET = 15.2;
				MTL_ENABLE_DEBUG_INFO = INCLUDE_SOURCE;
				MTL_FAST_MATH = YES;
				ONLY_ACTIVE_ARCH = YES;
				SDKROOT = iphoneos;
				SWIFT_ACTIVE_COMPILATION_CONDITIONS = DEBUG;
				SWIFT_OPTIMIZATION_LEVEL = "-Onone";
			};
			name = Debug;
		};
		128354B727C8A3A200F70118 /* Release */ = {
			isa = XCBuildConfiguration;
			buildSettings = {
				ALWAYS_SEARCH_USER_PATHS = NO;
				CLANG_ANALYZER_NONNULL = YES;
				CLANG_ANALYZER_NUMBER_OBJECT_CONVERSION = YES_AGGRESSIVE;
				CLANG_CXX_LANGUAGE_STANDARD = "gnu++17";
				CLANG_CXX_LIBRARY = "libc++";
				CLANG_ENABLE_MODULES = YES;
				CLANG_ENABLE_OBJC_ARC = YES;
				CLANG_ENABLE_OBJC_WEAK = YES;
				CLANG_WARN_BLOCK_CAPTURE_AUTORELEASING = YES;
				CLANG_WARN_BOOL_CONVERSION = YES;
				CLANG_WARN_COMMA = YES;
				CLANG_WARN_CONSTANT_CONVERSION = YES;
				CLANG_WARN_DEPRECATED_OBJC_IMPLEMENTATIONS = YES;
				CLANG_WARN_DIRECT_OBJC_ISA_USAGE = YES_ERROR;
				CLANG_WARN_DOCUMENTATION_COMMENTS = YES;
				CLANG_WARN_EMPTY_BODY = YES;
				CLANG_WARN_ENUM_CONVERSION = YES;
				CLANG_WARN_INFINITE_RECURSION = YES;
				CLANG_WARN_INT_CONVERSION = YES;
				CLANG_WARN_NON_LITERAL_NULL_CONVERSION = YES;
				CLANG_WARN_OBJC_IMPLICIT_RETAIN_SELF = YES;
				CLANG_WARN_OBJC_LITERAL_CONVERSION = YES;
				CLANG_WARN_OBJC_ROOT_CLASS = YES_ERROR;
				CLANG_WARN_QUOTED_INCLUDE_IN_FRAMEWORK_HEADER = YES;
				CLANG_WARN_RANGE_LOOP_ANALYSIS = YES;
				CLANG_WARN_STRICT_PROTOTYPES = YES;
				CLANG_WARN_SUSPICIOUS_MOVE = YES;
				CLANG_WARN_UNGUARDED_AVAILABILITY = YES_AGGRESSIVE;
				CLANG_WARN_UNREACHABLE_CODE = YES;
				CLANG_WARN__DUPLICATE_METHOD_MATCH = YES;
				COPY_PHASE_STRIP = NO;
				DEBUG_INFORMATION_FORMAT = "dwarf-with-dsym";
				ENABLE_NS_ASSERTIONS = NO;
				ENABLE_STRICT_OBJC_MSGSEND = YES;
				GCC_C_LANGUAGE_STANDARD = gnu11;
				GCC_NO_COMMON_BLOCKS = YES;
				GCC_WARN_64_TO_32_BIT_CONVERSION = YES;
				GCC_WARN_ABOUT_RETURN_TYPE = YES_ERROR;
				GCC_WARN_UNDECLARED_SELECTOR = YES;
				GCC_WARN_UNINITIALIZED_AUTOS = YES_AGGRESSIVE;
				GCC_WARN_UNUSED_FUNCTION = YES;
				GCC_WARN_UNUSED_VARIABLE = YES;
				IPHONEOS_DEPLOYMENT_TARGET = 15.2;
				MTL_ENABLE_DEBUG_INFO = NO;
				MTL_FAST_MATH = YES;
				SDKROOT = iphoneos;
				SWIFT_COMPILATION_MODE = wholemodule;
				SWIFT_OPTIMIZATION_LEVEL = "-O";
				VALIDATE_PRODUCT = YES;
			};
			name = Release;
		};
		128354B927C8A3A200F70118 /* Debug */ = {
			isa = XCBuildConfiguration;
			buildSettings = {
				ASSETCATALOG_COMPILER_APPICON_NAME = AppIcon;
				ASSETCATALOG_COMPILER_GLOBAL_ACCENT_COLOR_NAME = AccentColor;
				CODE_SIGN_STYLE = Automatic;
				CURRENT_PROJECT_VERSION = 1;
				DEVELOPMENT_TEAM = H9R2XQV7M2;
				GENERATE_INFOPLIST_FILE = YES;
				INFOPLIST_FILE = LeetCodeSwift/Info.plist;
				INFOPLIST_KEY_UIApplicationSupportsIndirectInputEvents = YES;
				INFOPLIST_KEY_UILaunchStoryboardName = LaunchScreen;
				INFOPLIST_KEY_UIMainStoryboardFile = Main;
				INFOPLIST_KEY_UISupportedInterfaceOrientations_iPad = "UIInterfaceOrientationPortrait UIInterfaceOrientationPortraitUpsideDown UIInterfaceOrientationLandscapeLeft UIInterfaceOrientationLandscapeRight";
				INFOPLIST_KEY_UISupportedInterfaceOrientations_iPhone = "UIInterfaceOrientationPortrait UIInterfaceOrientationLandscapeLeft UIInterfaceOrientationLandscapeRight";
				LD_RUNPATH_SEARCH_PATHS = (
					"$(inherited)",
					"@executable_path/Frameworks",
				);
				MARKETING_VERSION = 1.0;
				PRODUCT_BUNDLE_IDENTIFIER = com.priyankshah.LeetCodeSwift;
				PRODUCT_NAME = "$(TARGET_NAME)";
				SWIFT_EMIT_LOC_STRINGS = YES;
				SWIFT_VERSION = 5.0;
				TARGETED_DEVICE_FAMILY = "1,2";
			};
			name = Debug;
		};
		128354BA27C8A3A200F70118 /* Release */ = {
			isa = XCBuildConfiguration;
			buildSettings = {
				ASSETCATALOG_COMPILER_APPICON_NAME = AppIcon;
				ASSETCATALOG_COMPILER_GLOBAL_ACCENT_COLOR_NAME = AccentColor;
				CODE_SIGN_STYLE = Automatic;
				CURRENT_PROJECT_VERSION = 1;
				DEVELOPMENT_TEAM = H9R2XQV7M2;
				GENERATE_INFOPLIST_FILE = YES;
				INFOPLIST_FILE = LeetCodeSwift/Info.plist;
				INFOPLIST_KEY_UIApplicationSupportsIndirectInputEvents = YES;
				INFOPLIST_KEY_UILaunchStoryboardName = LaunchScreen;
				INFOPLIST_KEY_UIMainStoryboardFile = Main;
				INFOPLIST_KEY_UISupportedInterfaceOrientations_iPad = "UIInterfaceOrientationPortrait UIInterfaceOrientationPortraitUpsideDown UIInterfaceOrientationLandscapeLeft UIInterfaceOrientationLandscapeRight";
				INFOPLIST_KEY_UISupportedInterfaceOrientations_iPhone = "UIInterfaceOrientationPortrait UIInterfaceOrientationLandscapeLeft UIInterfaceOrientationLandscapeRight";
				LD_RUNPATH_SEARCH_PATHS = (
					"$(inherited)",
					"@executable_path/Frameworks",
				);
				MARKETING_VERSION = 1.0;
				PRODUCT_BUNDLE_IDENTIFIER = com.priyankshah.LeetCodeSwift;
				PRODUCT_NAME = "$(TARGET_NAME)";
				SWIFT_EMIT_LOC_STRINGS = YES;
				SWIFT_VERSION = 5.0;
				TARGETED_DEVICE_FAMILY = "1,2";
			};
			name = Release;
		};
/* End XCBuildConfiguration section */

/* Begin XCConfigurationList section */
		1283549F27C8A3A100F70118 /* Build configuration list for PBXProject "LeetCodeSwift" */ = {
			isa = XCConfigurationList;
			buildConfigurations = (
				128354B627C8A3A200F70118 /* Debug */,
				128354B727C8A3A200F70118 /* Release */,
			);
			defaultConfigurationIsVisible = 0;
			defaultConfigurationName = Release;
		};
		128354B827C8A3A200F70118 /* Build configuration list for PBXNativeTarget "LeetCodeSwift" */ = {
			isa = XCConfigurationList;
			buildConfigurations = (
				128354B927C8A3A200F70118 /* Debug */,
				128354BA27C8A3A200F70118 /* Release */,
			);
			defaultConfigurationIsVisible = 0;
			defaultConfigurationName = Release;
		};
/* End XCConfigurationList section */
	};
	rootObject = 1283549C27C8A3A100F70118 /* Project object */;
}
